
Microsoft Visual Studio Solution File, Format Version 12.00
# Visual Studio Version 16
VisualStudioVersion = 16.0.29728.190
MinimumVisualStudioVersion = 10.0.40219.1
Project("{9A19103F-16F7-4668-BE54-9A1E7A4F7556}") = "PokeApiCore", "PokeApiCore\PokeApiCore.csproj", "{C00592B6-1692-4CB4-AA75-08EF6CF44183}"
EndProject
Project("{9A19103F-16F7-4668-BE54-9A1E7A4F7556}") = "PokeApiConsole", "PokeApiConsole\PokeApiConsole.csproj", "{F78C850C-B9A9-4227-98F1-4DF4060084CA}"
EndProject
Project("{FAE04EC0-301F-11D3-BF4B-00C04F79EFBC}") = "PokeApiWebsite", "PokeApiWebsite\PokeApiWebsite.csproj", "{E30D2B6C-E388-4D86-BDDC-3A933F8C7A17}"
EndProject
Global
	GlobalSection(SolutionConfigurationPlatforms) = preSolution
		Debug|Any CPU = Debug|Any CPU
		Release|Any CPU = Release|Any CPU
	EndGlobalSection
	GlobalSection(ProjectConfigurationPlatforms) = postSolution
		{C00592B6-1692-4CB4-AA75-08EF6CF44183}.Debug|Any CPU.ActiveCfg = Debug|Any CPU
		{C00592B6-1692-4CB4-AA75-08EF6CF44183}.Debug|Any CPU.Build.0 = Debug|Any CPU
		{C00592B6-1692-4CB4-AA75-08EF6CF44183}.Release|Any CPU.ActiveCfg = Release|Any CPU
		{C00592B6-1692-4CB4-AA75-08EF6CF44183}.Release|Any CPU.Build.0 = Release|Any CPU
		{F78C850C-B9A9-4227-98F1-4DF4060084CA}.Debug|Any CPU.ActiveCfg = Debug|Any CPU
		{F78C850C-B9A9-4227-98F1-4DF4060084CA}.Debug|Any CPU.Build.0 = Debug|Any CPU
		{F78C850C-B9A9-4227-98F1-4DF4060084CA}.Release|Any CPU.ActiveCfg = Release|Any CPU
		{F78C850C-B9A9-4227-98F1-4DF4060084CA}.Release|Any CPU.Build.0 = Release|Any CPU
		{E30D2B6C-E388-4D86-BDDC-3A933F8C7A17}.Debug|Any CPU.ActiveCfg = Debug|Any CPU
		{E30D2B6C-E388-4D86-BDDC-3A933F8C7A17}.Debug|Any CPU.Build.0 = Debug|Any CPU
		{E30D2B6C-E388-4D86-BDDC-3A933F8C7A17}.Release|Any CPU.ActiveCfg = Release|Any CPU
		{E30D2B6C-E388-4D86-BDDC-3A933F8C7A17}.Release|Any CPU.Build.0 = Release|Any CPU
	EndGlobalSection
	GlobalSection(SolutionProperties) = preSolution
		HideSolutionNode = FALSE
	EndGlobalSection
	GlobalSection(ExtensibilityGlobals) = postSolution
		SolutionGuid = {A0375882-C8C7-4F09-92E5-4D080F0ABAF4}
	EndGlobalSection
EndGlobal
